{
    "_readme": [
        "This file locks the dependencies of your project to a known state",
        "Read more about it at https://getcomposer.org/doc/01-basic-usage.md#installing-dependencies",
        "This file is @generated automatically"
    ],
    "content-hash": "c1281e3588790b6cd80ee5751939fc39",
    "packages": [
        {
            "name": "railsformers/reservatic",
            "version": "v1.1.0.1",
            "source": {
                "type": "git",
                "url": "https://gitlab.railsformers.com/world/reservatic-package",
                "reference": "deba1388d48db383188c55795a7810a9929bef67"
            },
            "type": "library",
            "autoload": {
                "files": [
                    "src/factory.php"
                ],
                "psr-4": {
                    "Reservatic\\": "src"
                }
            },
            "notification-url": "https://packagist.org/downloads/",
            "description": "Reservatic API",
            "time": "2024-09-17T13:03:50+00:00"
        }
    ],
    "packages-dev": [],
    "aliases": [],
    "minimum-stability": "stable",
    "stability-flags": [],
    "prefer-stable": false,
    "prefer-lowest": false,
    "platform": [],
    "platform-dev": [],
    "plugin-api-version": "2.6.0"
}
